
Microsoft Visual Studio Solution File, Format Version 12.00
# Visual Studio Version 17
VisualStudioVersion = 17.9.34723.18
MinimumVisualStudioVersion = 10.0.40219.1
Project("{FAE04EC0-301F-11D3-BF4B-00C04F79EFBC}") = "FilmowToLetterboxdCSV", "FilmowToLetterboxdCSV\FilmowToLetterboxdCSV.csproj", "{5162D1C9-6758-4D9D-8F0E-44CEA6B7CE7B}"
EndProject
Global
	GlobalSection(SolutionConfigurationPlatforms) = preSolution
		Debug|Any CPU = Debug|Any CPU
		Release|Any CPU = Release|Any CPU
	EndGlobalSection
	GlobalSection(ProjectConfigurationPlatforms) = postSolution
		{5162D1C9-6758-4D9D-8F0E-44CEA6B7CE7B}.Debug|Any CPU.ActiveCfg = Debug|Any CPU
		{5162D1C9-6758-4D9D-8F0E-44CEA6B7CE7B}.Debug|Any CPU.Build.0 = Debug|Any CPU
		{5162D1C9-6758-4D9D-8F0E-44CEA6B7CE7B}.Release|Any CPU.ActiveCfg = Release|Any CPU
		{5162D1C9-6758-4D9D-8F0E-44CEA6B7CE7B}.Release|Any CPU.Build.0 = Release|Any CPU
	EndGlobalSection
	GlobalSection(SolutionProperties) = preSolution
		HideSolutionNode = FALSE
	EndGlobalSection
	GlobalSection(ExtensibilityGlobals) = postSolution
		SolutionGuid = {BE72C40F-3B52-43EF-A596-46E29DD5D8DE}
	EndGlobalSection
EndGlobal
